
Microsoft Visual Studio Solution File, Format Version 12.00
# Visual Studio Version 17
VisualStudioVersion = 17.5.2.0
MinimumVisualStudioVersion = 10.0.40219.1
Project("{FAE04EC0-301F-11D3-BF4B-00C04F79EFBC}") = "SortingTechniques", "SortingTechniques.csproj", "{94AA0C29-141D-A1C8-33D9-04483F155C4F}"
EndProject
Global
	GlobalSection(SolutionConfigurationPlatforms) = preSolution
		Debug|Any CPU = Debug|Any CPU
		Release|Any CPU = Release|Any CPU
	EndGlobalSection
	GlobalSection(ProjectConfigurationPlatforms) = postSolution
		{94AA0C29-141D-A1C8-33D9-04483F155C4F}.Debug|Any CPU.ActiveCfg = Debug|Any CPU
		{94AA0C29-141D-A1C8-33D9-04483F155C4F}.Debug|Any CPU.Build.0 = Debug|Any CPU
		{94AA0C29-141D-A1C8-33D9-04483F155C4F}.Release|Any CPU.ActiveCfg = Release|Any CPU
		{94AA0C29-141D-A1C8-33D9-04483F155C4F}.Release|Any CPU.Build.0 = Release|Any CPU
	EndGlobalSection
	GlobalSection(SolutionProperties) = preSolution
		HideSolutionNode = FALSE
	EndGlobalSection
	GlobalSection(ExtensibilityGlobals) = postSolution
		SolutionGuid = {B94A4251-8387-448A-992A-A500C26C82F6}
	EndGlobalSection
EndGlobal
